Microsoft Visual Studio Solution File, Format Version 12.00
# Visual Studio Version 16
VisualStudioVersion = 16.0.29021.104
MinimumVisualStudioVersion = 15.0.26124.0
Project("{9A19103F-16F7-4668-BE54-9A1E7A4F7556}") = "FlightFinder.Server", "Web\FlightFinder.Server\FlightFinder.Server.csproj", "{5020A8E9-95DC-4ABB-B8ED-5188DD147D91}"
EndProject
Project("{9A19103F-16F7-4668-BE54-9A1E7A4F7556}") = "FlightFinder.Spa", "Web\FlightFinder.Spa\FlightFinder.Spa.csproj", "{AF2BD0ED-DB6A-418E-AB88-8A9FCF7A0890}"
EndProject
Project("{9A19103F-16F7-4668-BE54-9A1E7A4F7556}") = "FlightFinder.Shared", "Lib\FlightFinder.Shared\FlightFinder.Shared.csproj", "{39613A2D-88E6-452E-9396-11EE410BAB78}"
EndProject
Project("{2150E333-8FDC-42A3-9474-1A3956D46DE8}") = "Mobile", "Mobile", "{2E9A0D3C-A3E3-4C1F-9567-84F1D41A83F7}"
EndProject
Project("{2150E333-8FDC-42A3-9474-1A3956D46DE8}") = "Web", "Web", "{64519535-DAC2-4404-B054-EB2090BE5DD9}"
EndProject
Project("{2150E333-8FDC-42A3-9474-1A3956D46DE8}") = "Lib", "Lib", "{D771807F-BBB1-48E3-A9B2-7A7EC9045192}"
EndProject
Project("{9A19103F-16F7-4668-BE54-9A1E7A4F7556}") = "FlightFinder.App", "Mobile\FlightFinder.App\FlightFinder.App\FlightFinder.App.csproj", "{C07EF74C-8B47-4D28-B9F2-2492644DDBB6}"
EndProject
Project("{FAE04EC0-301F-11D3-BF4B-00C04F79EFBC}") = "FlightFinder.App.Android", "Mobile\FlightFinder.App\FlightFinder.App.Android\FlightFinder.App.Android.csproj", "{DB40BC87-16E3-4649-BAD8-CF8AAFEB1D41}"
EndProject
Project("{FAE04EC0-301F-11D3-BF4B-00C04F79EFBC}") = "FlightFinder.App.iOS", "Mobile\FlightFinder.App\FlightFinder.App.iOS\FlightFinder.App.iOS.csproj", "{855E5743-8DEF-43F2-BD4E-04C76E21D6B2}"
EndProject
Project("{9A19103F-16F7-4668-BE54-9A1E7A4F7556}") = "FlightFinder.Common", "Lib\FlightFinder.Common\FlightFinder.Common.csproj", "{BD613A22-FB15-4358-BA5C-4AB4DC4E2336}"
EndProject
Global
	GlobalSection(SolutionConfigurationPlatforms) = preSolution
		Ad-Hoc|Any CPU = Ad-Hoc|Any CPU
		Ad-Hoc|iPhone = Ad-Hoc|iPhone
		Ad-Hoc|iPhoneSimulator = Ad-Hoc|iPhoneSimulator
		Ad-Hoc|x64 = Ad-Hoc|x64
		Ad-Hoc|x86 = Ad-Hoc|x86
		AppStore|Any CPU = AppStore|Any CPU
		AppStore|iPhone = AppStore|iPhone
		AppStore|iPhoneSimulator = AppStore|iPhoneSimulator
		AppStore|x64 = AppStore|x64
		AppStore|x86 = AppStore|x86
		Debug|Any CPU = Debug|Any CPU
		Debug|iPhone = Debug|iPhone
		Debug|iPhoneSimulator = Debug|iPhoneSimulator
		Debug|x64 = Debug|x64
		Debug|x86 = Debug|x86
		Release|Any CPU = Release|Any CPU
		Release|iPhone = Release|iPhone
		Release|iPhoneSimulator = Release|iPhoneSimulator
		Release|x64 = Release|x64
		Release|x86 = Release|x86
	EndGlobalSection
	GlobalSection(ProjectConfigurationPlatforms) = postSolution
		{5020A8E9-95DC-4ABB-B8ED-5188DD147D91}.Ad-Hoc|Any CPU.ActiveCfg = Release|Any CPU
		{5020A8E9-95DC-4ABB-B8ED-5188DD147D91}.Ad-Hoc|Any CPU.Build.0 = Release|Any CPU
		{5020A8E9-95DC-4ABB-B8ED-5188DD147D91}.Ad-Hoc|iPhone.ActiveCfg = Release|Any CPU
		{5020A8E9-95DC-4ABB-B8ED-5188DD147D91}.Ad-Hoc|iPhone.Build.0 = Release|Any CPU
		{5020A8E9-95DC-4ABB-B8ED-5188DD147D91}.Ad-Hoc|iPhoneSimulator.ActiveCfg = Release|Any CPU
		{5020A8E9-95DC-4ABB-B8ED-5188DD147D91}.Ad-Hoc|iPhoneSimulator.Build.0 = Release|Any CPU
		{5020A8E9-95DC-4ABB-B8ED-5188DD147D91}.Ad-Hoc|x64.ActiveCfg = Release|Any CPU
		{5020A8E9-95DC-4ABB-B8ED-5188DD147D91}.Ad-Hoc|x64.Build.0 = Release|Any CPU
		{5020A8E9-95DC-4ABB-B8ED-5188DD147D91}.Ad-Hoc|x86.ActiveCfg = Release|Any CPU
		{5020A8E9-95DC-4ABB-B8ED-5188DD147D91}.Ad-Hoc|x86.Build.0 = Release|Any CPU
		{5020A8E9-95DC-4ABB-B8ED-5188DD147D91}.AppStore|Any CPU.ActiveCfg = Release|Any CPU
		{5020A8E9-95DC-4ABB-B8ED-5188DD147D91}.AppStore|Any CPU.Build.0 = Release|Any CPU
		{5020A8E9-95DC-4ABB-B8ED-5188DD147D91}.AppStore|iPhone.ActiveCfg = Release|Any CPU
		{5020A8E9-95DC-4ABB-B8ED-5188DD147D91}.AppStore|iPhone.Build.0 = Release|Any CPU
		{5020A8E9-95DC-4ABB-B8ED-5188DD147D91}.AppStore|iPhoneSimulator.ActiveCfg = Release|Any CPU
		{5020A8E9-95DC-4ABB-B8ED-5188DD147D91}.AppStore|iPhoneSimulator.Build.0 = Release|Any CPU
		{5020A8E9-95DC-4ABB-B8ED-5188DD147D91}.AppStore|x64.ActiveCfg = Release|Any CPU
		{5020A8E9-95DC-4ABB-B8ED-5188DD147D91}.AppStore|x64.Build.0 = Release|Any CPU
		{5020A8E9-95DC-4ABB-B8ED-5188DD147D91}.AppStore|x86.ActiveCfg = Release|Any CPU
		{5020A8E9-95DC-4ABB-B8ED-5188DD147D91}.AppStore|x86.Build.0 = Release|Any CPU
		{5020A8E9-95DC-4ABB-B8ED-5188DD147D91}.Debug|Any CPU.ActiveCfg = Debug|Any CPU
		{5020A8E9-95DC-4ABB-B8ED-5188DD147D91}.Debug|Any CPU.Build.0 = Debug|Any CPU
		{5020A8E9-95DC-4ABB-B8ED-5188DD147D91}.Debug|iPhone.ActiveCfg = Debug|Any CPU
		{5020A8E9-95DC-4ABB-B8ED-5188DD147D91}.Debug|iPhone.Build.0 = Debug|Any CPU
		{5020A8E9-95DC-4ABB-B8ED-5188DD147D91}.Debug|iPhoneSimulator.ActiveCfg = Debug|Any CPU
		{5020A8E9-95DC-4ABB-B8ED-5188DD147D91}.Debug|iPhoneSimulator.Build.0 = Debug|Any CPU
		{5020A8E9-95DC-4ABB-B8ED-5188DD147D91}.Debug|x64.ActiveCfg = Debug|Any CPU
		{5020A8E9-95DC-4ABB-B8ED-5188DD147D91}.Debug|x64.Build.0 = Debug|Any CPU
		{5020A8E9-95DC-4ABB-B8ED-5188DD147D91}.Debug|x86.ActiveCfg = Debug|Any CPU
		{5020A8E9-95DC-4ABB-B8ED-5188DD147D91}.Debug|x86.Build.0 = Debug|Any CPU
		{5020A8E9-95DC-4ABB-B8ED-5188DD147D91}.Release|Any CPU.ActiveCfg = Release|Any CPU
		{5020A8E9-95DC-4ABB-B8ED-5188DD147D91}.Release|Any CPU.Build.0 = Release|Any CPU
		{5020A8E9-95DC-4ABB-B8ED-5188DD147D91}.Release|iPhone.ActiveCfg = Release|Any CPU
		{5020A8E9-95DC-4ABB-B8ED-5188DD147D91}.Release|iPhone.Build.0 = Release|Any CPU
		{5020A8E9-95DC-4ABB-B8ED-5188DD147D91}.Release|iPhoneSimulator.ActiveCfg = Release|Any CPU
		{5020A8E9-95DC-4ABB-B8ED-5188DD147D91}.Release|iPhoneSimulator.Build.0 = Release|Any CPU
		{5020A8E9-95DC-4ABB-B8ED-5188DD147D91}.Release|x64.ActiveCfg = Release|Any CPU
		{5020A8E9-95DC-4ABB-B8ED-5188DD147D91}.Release|x64.Build.0 = Release|Any CPU
		{5020A8E9-95DC-4ABB-B8ED-5188DD147D91}.Release|x86.ActiveCfg = Release|Any CPU
		{5020A8E9-95DC-4ABB-B8ED-5188DD147D91}.Release|x86.Build.0 = Release|Any CPU
		{AF2BD0ED-DB6A-418E-AB88-8A9FCF7A0890}.Ad-Hoc|Any CPU.ActiveCfg = Release|Any CPU
		{AF2BD0ED-DB6A-418E-AB88-8A9FCF7A0890}.Ad-Hoc|Any CPU.Build.0 = Release|Any CPU
		{AF2BD0ED-DB6A-418E-AB88-8A9FCF7A0890}.Ad-Hoc|iPhone.ActiveCfg = Release|Any CPU
		{AF2BD0ED-DB6A-418E-AB88-8A9FCF7A0890}.Ad-Hoc|iPhone.Build.0 = Release|Any CPU
		{AF2BD0ED-DB6A-418E-AB88-8A9FCF7A0890}.Ad-Hoc|iPhoneSimulator.ActiveCfg = Release|Any CPU
		{AF2BD0ED-DB6A-418E-AB88-8A9FCF7A0890}.Ad-Hoc|iPhoneSimulator.Build.0 = Release|Any CPU
		{AF2BD0ED-DB6A-418E-AB88-8A9FCF7A0890}.Ad-Hoc|x64.ActiveCfg = Release|Any CPU
		{AF2BD0ED-DB6A-418E-AB88-8A9FCF7A0890}.Ad-Hoc|x64.Build.0 = Release|Any CPU
		{AF2BD0ED-DB6A-418E-AB88-8A9FCF7A0890}.Ad-Hoc|x86.ActiveCfg = Release|Any CPU
		{AF2BD0ED-DB6A-418E-AB88-8A9FCF7A0890}.Ad-Hoc|x86.Build.0 = Release|Any CPU
		{AF2BD0ED-DB6A-418E-AB88-8A9FCF7A0890}.AppStore|Any CPU.ActiveCfg = Release|Any CPU
		{AF2BD0ED-DB6A-418E-AB88-8A9FCF7A0890}.AppStore|Any CPU.Build.0 = Release|Any CPU
		{AF2BD0ED-DB6A-418E-AB88-8A9FCF7A0890}.AppStore|iPhone.ActiveCfg = Release|Any CPU
		{AF2BD0ED-DB6A-418E-AB88-8A9FCF7A0890}.AppStore|iPhone.Build.0 = Release|Any CPU
		{AF2BD0ED-DB6A-418E-AB88-8A9FCF7A0890}.AppStore|iPhoneSimulator.ActiveCfg = Release|Any CPU
		{AF2BD0ED-DB6A-418E-AB88-8A9FCF7A0890}.AppStore|iPhoneSimulator.Build.0 = Release|Any CPU
		{AF2BD0ED-DB6A-418E-AB88-8A9FCF7A0890}.AppStore|x64.ActiveCfg = Release|Any CPU
		{AF2BD0ED-DB6A-418E-AB88-8A9FCF7A0890}.AppStore|x64.Build.0 = Release|Any CPU
		{AF2BD0ED-DB6A-418E-AB88-8A9FCF7A0890}.AppStore|x86.ActiveCfg = Release|Any CPU
		{AF2BD0ED-DB6A-418E-AB88-8A9FCF7A0890}.AppStore|x86.Build.0 = Release|Any CPU
		{AF2BD0ED-DB6A-418E-AB88-8A9FCF7A0890}.Debug|Any CPU.ActiveCfg = Debug|Any CPU
		{AF2BD0ED-DB6A-418E-AB88-8A9FCF7A0890}.Debug|Any CPU.Build.0 = Debug|Any CPU
		{AF2BD0ED-DB6A-418E-AB88-8A9FCF7A0890}.Debug|iPhone.ActiveCfg = Debug|Any CPU
		{AF2BD0ED-DB6A-418E-AB88-8A9FCF7A0890}.Debug|iPhone.Build.0 = Debug|Any CPU
		{AF2BD0ED-DB6A-418E-AB88-8A9FCF7A0890}.Debug|iPhoneSimulator.ActiveCfg = Debug|Any CPU
		{AF2BD0ED-DB6A-418E-AB88-8A9FCF7A0890}.Debug|iPhoneSimulator.Build.0 = Debug|Any CPU
		{AF2BD0ED-DB6A-418E-AB88-8A9FCF7A0890}.Debug|x64.ActiveCfg = Debug|Any CPU
		{AF2BD0ED-DB6A-418E-AB88-8A9FCF7A0890}.Debug|x64.Build.0 = Debug|Any CPU
		{AF2BD0ED-DB6A-418E-AB88-8A9FCF7A0890}.Debug|x86.ActiveCfg = Debug|Any CPU
		{AF2BD0ED-DB6A-418E-AB88-8A9FCF7A0890}.Debug|x86.Build.0 = Debug|Any CPU
		{AF2BD0ED-DB6A-418E-AB88-8A9FCF7A0890}.Release|Any CPU.ActiveCfg = Release|Any CPU
		{AF2BD0ED-DB6A-418E-AB88-8A9FCF7A0890}.Release|Any CPU.Build.0 = Release|Any CPU
		{AF2BD0ED-DB6A-418E-AB88-8A9FCF7A0890}.Release|iPhone.ActiveCfg = Release|Any CPU
		{AF2BD0ED-DB6A-418E-AB88-8A9FCF7A0890}.Release|iPhone.Build.0 = Release|Any CPU
		{AF2BD0ED-DB6A-418E-AB88-8A9FCF7A0890}.Release|iPhoneSimulator.ActiveCfg = Release|Any CPU
		{AF2BD0ED-DB6A-418E-AB88-8A9FCF7A0890}.Release|iPhoneSimulator.Build.0 = Release|Any CPU
		{AF2BD0ED-DB6A-418E-AB88-8A9FCF7A0890}.Release|x64.ActiveCfg = Release|Any CPU
		{AF2BD0ED-DB6A-418E-AB88-8A9FCF7A0890}.Release|x64.Build.0 = Release|Any CPU
		{AF2BD0ED-DB6A-418E-AB88-8A9FCF7A0890}.Release|x86.ActiveCfg = Release|Any CPU
		{AF2BD0ED-DB6A-418E-AB88-8A9FCF7A0890}.Release|x86.Build.0 = Release|Any CPU
		{39613A2D-88E6-452E-9396-11EE410BAB78}.Ad-Hoc|Any CPU.ActiveCfg = Release|Any CPU
		{39613A2D-88E6-452E-9396-11EE410BAB78}.Ad-Hoc|Any CPU.Build.0 = Release|Any CPU
		{39613A2D-88E6-452E-9396-11EE410BAB78}.Ad-Hoc|iPhone.ActiveCfg = Release|Any CPU
		{39613A2D-88E6-452E-9396-11EE410BAB78}.Ad-Hoc|iPhone.Build.0 = Release|Any CPU
		{39613A2D-88E6-452E-9396-11EE410BAB78}.Ad-Hoc|iPhoneSimulator.ActiveCfg = Release|Any CPU
		{39613A2D-88E6-452E-9396-11EE410BAB78}.Ad-Hoc|iPhoneSimulator.Build.0 = Release|Any CPU
		{39613A2D-88E6-452E-9396-11EE410BAB78}.Ad-Hoc|x64.ActiveCfg = Release|Any CPU
		{39613A2D-88E6-452E-9396-11EE410BAB78}.Ad-Hoc|x64.Build.0 = Release|Any CPU
		{39613A2D-88E6-452E-9396-11EE410BAB78}.Ad-Hoc|x86.ActiveCfg = Release|Any CPU
		{39613A2D-88E6-452E-9396-11EE410BAB78}.Ad-Hoc|x86.Build.0 = Release|Any CPU
		{39613A2D-88E6-452E-9396-11EE410BAB78}.AppStore|Any CPU.ActiveCfg = Release|Any CPU
		{39613A2D-88E6-452E-9396-11EE410BAB78}.AppStore|Any CPU.Build.0 = Release|Any CPU
		{39613A2D-88E6-452E-9396-11EE410BAB78}.AppStore|iPhone.ActiveCfg = Release|Any CPU
		{39613A2D-88E6-452E-9396-11EE410BAB78}.AppStore|iPhone.Build.0 = Release|Any CPU
		{39613A2D-88E6-452E-9396-11EE410BAB78}.AppStore|iPhoneSimulator.ActiveCfg = Release|Any CPU
		{39613A2D-88E6-452E-9396-11EE410BAB78}.AppStore|iPhoneSimulator.Build.0 = Release|Any CPU
		{39613A2D-88E6-452E-9396-11EE410BAB78}.AppStore|x64.ActiveCfg = Release|Any CPU
		{39613A2D-88E6-452E-9396-11EE410BAB78}.AppStore|x64.Build.0 = Release|Any CPU
		{39613A2D-88E6-452E-9396-11EE410BAB78}.AppStore|x86.ActiveCfg = Release|Any CPU
		{39613A2D-88E6-452E-9396-11EE410BAB78}.AppStore|x86.Build.0 = Release|Any CPU
		{39613A2D-88E6-452E-9396-11EE410BAB78}.Debug|Any CPU.ActiveCfg = Debug|Any CPU
		{39613A2D-88E6-452E-9396-11EE410BAB78}.Debug|Any CPU.Build.0 = Debug|Any CPU
		{39613A2D-88E6-452E-9396-11EE410BAB78}.Debug|iPhone.ActiveCfg = Debug|Any CPU
		{39613A2D-88E6-452E-9396-11EE410BAB78}.Debug|iPhone.Build.0 = Debug|Any CPU
		{39613A2D-88E6-452E-9396-11EE410BAB78}.Debug|iPhoneSimulator.ActiveCfg = Debug|Any CPU
		{39613A2D-88E6-452E-9396-11EE410BAB78}.Debug|iPhoneSimulator.Build.0 = Debug|Any CPU
		{39613A2D-88E6-452E-9396-11EE410BAB78}.Debug|x64.ActiveCfg = Debug|Any CPU
		{39613A2D-88E6-452E-9396-11EE410BAB78}.Debug|x64.Build.0 = Debug|Any CPU
		{39613A2D-88E6-452E-9396-11EE410BAB78}.Debug|x86.ActiveCfg = Debug|Any CPU
		{39613A2D-88E6-452E-9396-11EE410BAB78}.Debug|x86.Build.0 = Debug|Any CPU
		{39613A2D-88E6-452E-9396-11EE410BAB78}.Release|Any CPU.ActiveCfg = Release|Any CPU
		{39613A2D-88E6-452E-9396-11EE410BAB78}.Release|Any CPU.Build.0 = Release|Any CPU
		{39613A2D-88E6-452E-9396-11EE410BAB78}.Release|iPhone.ActiveCfg = Release|Any CPU
		{39613A2D-88E6-452E-9396-11EE410BAB78}.Release|iPhone.Build.0 = Release|Any CPU
		{39613A2D-88E6-452E-9396-11EE410BAB78}.Release|iPhoneSimulator.ActiveCfg = Release|Any CPU
		{39613A2D-88E6-452E-9396-11EE410BAB78}.Release|iPhoneSimulator.Build.0 = Release|Any CPU
		{39613A2D-88E6-452E-9396-11EE410BAB78}.Release|x64.ActiveCfg = Release|Any CPU
		{39613A2D-88E6-452E-9396-11EE410BAB78}.Release|x64.Build.0 = Release|Any CPU
		{39613A2D-88E6-452E-9396-11EE410BAB78}.Release|x86.ActiveCfg = Release|Any CPU
		{39613A2D-88E6-452E-9396-11EE410BAB78}.Release|x86.Build.0 = Release|Any CPU
		{C07EF74C-8B47-4D28-B9F2-2492644DDBB6}.Ad-Hoc|Any CPU.ActiveCfg = Debug|Any CPU
		{C07EF74C-8B47-4D28-B9F2-2492644DDBB6}.Ad-Hoc|Any CPU.Build.0 = Debug|Any CPU
		{C07EF74C-8B47-4D28-B9F2-2492644DDBB6}.Ad-Hoc|iPhone.ActiveCfg = Debug|Any CPU
		{C07EF74C-8B47-4D28-B9F2-2492644DDBB6}.Ad-Hoc|iPhone.Build.0 = Debug|Any CPU
		{C07EF74C-8B47-4D28-B9F2-2492644DDBB6}.Ad-Hoc|iPhoneSimulator.ActiveCfg = Debug|Any CPU
		{C07EF74C-8B47-4D28-B9F2-2492644DDBB6}.Ad-Hoc|iPhoneSimulator.Build.0 = Debug|Any CPU
		{C07EF74C-8B47-4D28-B9F2-2492644DDBB6}.Ad-Hoc|x64.ActiveCfg = Debug|Any CPU
		{C07EF74C-8B47-4D28-B9F2-2492644DDBB6}.Ad-Hoc|x64.Build.0 = Debug|Any CPU
		{C07EF74C-8B47-4D28-B9F2-2492644DDBB6}.Ad-Hoc|x86.ActiveCfg = Debug|Any CPU
		{C07EF74C-8B47-4D28-B9F2-2492644DDBB6}.Ad-Hoc|x86.Build.0 = Debug|Any CPU
		{C07EF74C-8B47-4D28-B9F2-2492644DDBB6}.AppStore|Any CPU.ActiveCfg = Debug|Any CPU
		{C07EF74C-8B47-4D28-B9F2-2492644DDBB6}.AppStore|Any CPU.Build.0 = Debug|Any CPU
		{C07EF74C-8B47-4D28-B9F2-2492644DDBB6}.AppStore|iPhone.ActiveCfg = Debug|Any CPU
		{C07EF74C-8B47-4D28-B9F2-2492644DDBB6}.AppStore|iPhone.Build.0 = Debug|Any CPU
		{C07EF74C-8B47-4D28-B9F2-2492644DDBB6}.AppStore|iPhoneSimulator.ActiveCfg = Debug|Any CPU
		{C07EF74C-8B47-4D28-B9F2-2492644DDBB6}.AppStore|iPhoneSimulator.Build.0 = Debug|Any CPU
		{C07EF74C-8B47-4D28-B9F2-2492644DDBB6}.AppStore|x64.ActiveCfg = Debug|Any CPU
		{C07EF74C-8B47-4D28-B9F2-2492644DDBB6}.AppStore|x64.Build.0 = Debug|Any CPU
		{C07EF74C-8B47-4D28-B9F2-2492644DDBB6}.AppStore|x86.ActiveCfg = Debug|Any CPU
		{C07EF74C-8B47-4D28-B9F2-2492644DDBB6}.AppStore|x86.Build.0 = Debug|Any CPU
		{C07EF74C-8B47-4D28-B9F2-2492644DDBB6}.Debug|Any CPU.ActiveCfg = Debug|Any CPU
		{C07EF74C-8B47-4D28-B9F2-2492644DDBB6}.Debug|Any CPU.Build.0 = Debug|Any CPU
		{C07EF74C-8B47-4D28-B9F2-2492644DDBB6}.Debug|iPhone.ActiveCfg = Debug|Any CPU
		{C07EF74C-8B47-4D28-B9F2-2492644DDBB6}.Debug|iPhone.Build.0 = Debug|Any CPU
		{C07EF74C-8B47-4D28-B9F2-2492644DDBB6}.Debug|iPhoneSimulator.ActiveCfg = Debug|Any CPU
		{C07EF74C-8B47-4D28-B9F2-2492644DDBB6}.Debug|iPhoneSimulator.Build.0 = Debug|Any CPU
		{C07EF74C-8B47-4D28-B9F2-2492644DDBB6}.Debug|x64.ActiveCfg = Debug|Any CPU
		{C07EF74C-8B47-4D28-B9F2-2492644DDBB6}.Debug|x64.Build.0 = Debug|Any CPU
		{C07EF74C-8B47-4D28-B9F2-2492644DDBB6}.Debug|x86.ActiveCfg = Debug|Any CPU
		{C07EF74C-8B47-4D28-B9F2-2492644DDBB6}.Debug|x86.Build.0 = Debug|Any CPU
		{C07EF74C-8B47-4D28-B9F2-2492644DDBB6}.Release|Any CPU.ActiveCfg = Release|Any CPU
		{C07EF74C-8B47-4D28-B9F2-2492644DDBB6}.Release|Any CPU.Build.0 = Release|Any CPU
		{C07EF74C-8B47-4D28-B9F2-2492644DDBB6}.Release|iPhone.ActiveCfg = Release|Any CPU
		{C07EF74C-8B47-4D28-B9F2-2492644DDBB6}.Release|iPhone.Build.0 = Release|Any CPU
		{C07EF74C-8B47-4D28-B9F2-2492644DDBB6}.Release|iPhoneSimulator.ActiveCfg = Release|Any CPU
		{C07EF74C-8B47-4D28-B9F2-2492644DDBB6}.Release|iPhoneSimulator.Build.0 = Release|Any CPU
		{C07EF74C-8B47-4D28-B9F2-2492644DDBB6}.Release|x64.ActiveCfg = Release|Any CPU
		{C07EF74C-8B47-4D28-B9F2-2492644DDBB6}.Release|x64.Build.0 = Release|Any CPU
		{C07EF74C-8B47-4D28-B9F2-2492644DDBB6}.Release|x86.ActiveCfg = Release|Any CPU
		{C07EF74C-8B47-4D28-B9F2-2492644DDBB6}.Release|x86.Build.0 = Release|Any CPU
		{DB40BC87-16E3-4649-BAD8-CF8AAFEB1D41}.Ad-Hoc|Any CPU.ActiveCfg = Release|Any CPU
		{DB40BC87-16E3-4649-BAD8-CF8AAFEB1D41}.Ad-Hoc|Any CPU.Build.0 = Release|Any CPU
		{DB40BC87-16E3-4649-BAD8-CF8AAFEB1D41}.Ad-Hoc|Any CPU.Deploy.0 = Release|Any CPU
		{DB40BC87-16E3-4649-BAD8-CF8AAFEB1D41}.Ad-Hoc|iPhone.ActiveCfg = Release|Any CPU
		{DB40BC87-16E3-4649-BAD8-CF8AAFEB1D41}.Ad-Hoc|iPhone.Build.0 = Release|Any CPU
		{DB40BC87-16E3-4649-BAD8-CF8AAFEB1D41}.Ad-Hoc|iPhone.Deploy.0 = Release|Any CPU
		{DB40BC87-16E3-4649-BAD8-CF8AAFEB1D41}.Ad-Hoc|iPhoneSimulator.ActiveCfg = Release|Any CPU
		{DB40BC87-16E3-4649-BAD8-CF8AAFEB1D41}.Ad-Hoc|iPhoneSimulator.Build.0 = Release|Any CPU
		{DB40BC87-16E3-4649-BAD8-CF8AAFEB1D41}.Ad-Hoc|iPhoneSimulator.Deploy.0 = Release|Any CPU
		{DB40BC87-16E3-4649-BAD8-CF8AAFEB1D41}.Ad-Hoc|x64.ActiveCfg = Release|Any CPU
		{DB40BC87-16E3-4649-BAD8-CF8AAFEB1D41}.Ad-Hoc|x64.Build.0 = Release|Any CPU
		{DB40BC87-16E3-4649-BAD8-CF8AAFEB1D41}.Ad-Hoc|x64.Deploy.0 = Release|Any CPU
		{DB40BC87-16E3-4649-BAD8-CF8AAFEB1D41}.Ad-Hoc|x86.ActiveCfg = Release|Any CPU
		{DB40BC87-16E3-4649-BAD8-CF8AAFEB1D41}.Ad-Hoc|x86.Build.0 = Release|Any CPU
		{DB40BC87-16E3-4649-BAD8-CF8AAFEB1D41}.Ad-Hoc|x86.Deploy.0 = Release|Any CPU
		{DB40BC87-16E3-4649-BAD8-CF8AAFEB1D41}.AppStore|Any CPU.ActiveCfg = Release|Any CPU
		{DB40BC87-16E3-4649-BAD8-CF8AAFEB1D41}.AppStore|Any CPU.Build.0 = Release|Any CPU
		{DB40BC87-16E3-4649-BAD8-CF8AAFEB1D41}.AppStore|Any CPU.Deploy.0 = Release|Any CPU
		{DB40BC87-16E3-4649-BAD8-CF8AAFEB1D41}.AppStore|iPhone.ActiveCfg = Release|Any CPU
		{DB40BC87-16E3-4649-BAD8-CF8AAFEB1D41}.AppStore|iPhone.Build.0 = Release|Any CPU
		{DB40BC87-16E3-4649-BAD8-CF8AAFEB1D41}.AppStore|iPhone.Deploy.0 = Release|Any CPU
		{DB40BC87-16E3-4649-BAD8-CF8AAFEB1D41}.AppStore|iPhoneSimulator.ActiveCfg = Release|Any CPU
		{DB40BC87-16E3-4649-BAD8-CF8AAFEB1D41}.AppStore|iPhoneSimulator.Build.0 = Release|Any CPU
		{DB40BC87-16E3-4649-BAD8-CF8AAFEB1D41}.AppStore|iPhoneSimulator.Deploy.0 = Release|Any CPU
		{DB40BC87-16E3-4649-BAD8-CF8AAFEB1D41}.AppStore|x64.ActiveCfg = Release|Any CPU
		{DB40BC87-16E3-4649-BAD8-CF8AAFEB1D41}.AppStore|x64.Build.0 = Release|Any CPU
		{DB40BC87-16E3-4649-BAD8-CF8AAFEB1D41}.AppStore|x64.Deploy.0 = Release|Any CPU
		{DB40BC87-16E3-4649-BAD8-CF8AAFEB1D41}.AppStore|x86.ActiveCfg = Release|Any CPU
		{DB40BC87-16E3-4649-BAD8-CF8AAFEB1D41}.AppStore|x86.Build.0 = Release|Any CPU
		{DB40BC87-16E3-4649-BAD8-CF8AAFEB1D41}.AppStore|x86.Deploy.0 = Release|Any CPU
		{DB40BC87-16E3-4649-BAD8-CF8AAFEB1D41}.Debug|Any CPU.ActiveCfg = Debug|Any CPU
		{DB40BC87-16E3-4649-BAD8-CF8AAFEB1D41}.Debug|Any CPU.Build.0 = Debug|Any CPU
		{DB40BC87-16E3-4649-BAD8-CF8AAFEB1D41}.Debug|Any CPU.Deploy.0 = Debug|Any CPU
		{DB40BC87-16E3-4649-BAD8-CF8AAFEB1D41}.Debug|iPhone.ActiveCfg = Debug|Any CPU
		{DB40BC87-16E3-4649-BAD8-CF8AAFEB1D41}.Debug|iPhone.Build.0 = Debug|Any CPU
		{DB40BC87-16E3-4649-BAD8-CF8AAFEB1D41}.Debug|iPhone.Deploy.0 = Debug|Any CPU
		{DB40BC87-16E3-4649-BAD8-CF8AAFEB1D41}.Debug|iPhoneSimulator.ActiveCfg = Debug|Any CPU
		{DB40BC87-16E3-4649-BAD8-CF8AAFEB1D41}.Debug|iPhoneSimulator.Build.0 = Debug|Any CPU
		{DB40BC87-16E3-4649-BAD8-CF8AAFEB1D41}.Debug|iPhoneSimulator.Deploy.0 = Debug|Any CPU
		{DB40BC87-16E3-4649-BAD8-CF8AAFEB1D41}.Debug|x64.ActiveCfg = Debug|Any CPU
		{DB40BC87-16E3-4649-BAD8-CF8AAFEB1D41}.Debug|x64.Build.0 = Debug|Any CPU
		{DB40BC87-16E3-4649-BAD8-CF8AAFEB1D41}.Debug|x64.Deploy.0 = Debug|Any CPU
		{DB40BC87-16E3-4649-BAD8-CF8AAFEB1D41}.Debug|x86.ActiveCfg = Debug|Any CPU
		{DB40BC87-16E3-4649-BAD8-CF8AAFEB1D41}.Debug|x86.Build.0 = Debug|Any CPU
		{DB40BC87-16E3-4649-BAD8-CF8AAFEB1D41}.Debug|x86.Deploy.0 = Debug|Any CPU
		{DB40BC87-16E3-4649-BAD8-CF8AAFEB1D41}.Release|Any CPU.ActiveCfg = Release|Any CPU
		{DB40BC87-16E3-4649-BAD8-CF8AAFEB1D41}.Release|Any CPU.Build.0 = Release|Any CPU
		{DB40BC87-16E3-4649-BAD8-CF8AAFEB1D41}.Release|Any CPU.Deploy.0 = Release|Any CPU
		{DB40BC87-16E3-4649-BAD8-CF8AAFEB1D41}.Release|iPhone.ActiveCfg = Release|Any CPU
		{DB40BC87-16E3-4649-BAD8-CF8AAFEB1D41}.Release|iPhone.Build.0 = Release|Any CPU
		{DB40BC87-16E3-4649-BAD8-CF8AAFEB1D41}.Release|iPhone.Deploy.0 = Release|Any CPU
		{DB40BC87-16E3-4649-BAD8-CF8AAFEB1D41}.Release|iPhoneSimulator.ActiveCfg = Release|Any CPU
		{DB40BC87-16E3-4649-BAD8-CF8AAFEB1D41}.Release|iPhoneSimulator.Build.0 = Release|Any CPU
		{DB40BC87-16E3-4649-BAD8-CF8AAFEB1D41}.Release|iPhoneSimulator.Deploy.0 = Release|Any CPU
		{DB40BC87-16E3-4649-BAD8-CF8AAFEB1D41}.Release|x64.ActiveCfg = Release|Any CPU
		{DB40BC87-16E3-4649-BAD8-CF8AAFEB1D41}.Release|x64.Build.0 = Release|Any CPU
		{DB40BC87-16E3-4649-BAD8-CF8AAFEB1D41}.Release|x64.Deploy.0 = Release|Any CPU
		{DB40BC87-16E3-4649-BAD8-CF8AAFEB1D41}.Release|x86.ActiveCfg = Release|Any CPU
		{DB40BC87-16E3-4649-BAD8-CF8AAFEB1D41}.Release|x86.Build.0 = Release|Any CPU
		{DB40BC87-16E3-4649-BAD8-CF8AAFEB1D41}.Release|x86.Deploy.0 = Release|Any CPU
		{855E5743-8DEF-43F2-BD4E-04C76E21D6B2}.Ad-Hoc|Any CPU.ActiveCfg = Ad-Hoc|iPhone
		{855E5743-8DEF-43F2-BD4E-04C76E21D6B2}.Ad-Hoc|iPhone.ActiveCfg = Ad-Hoc|iPhone
		{855E5743-8DEF-43F2-BD4E-04C76E21D6B2}.Ad-Hoc|iPhone.Build.0 = Ad-Hoc|iPhone
		{855E5743-8DEF-43F2-BD4E-04C76E21D6B2}.Ad-Hoc|iPhoneSimulator.ActiveCfg = Ad-Hoc|iPhoneSimulator
		{855E5743-8DEF-43F2-BD4E-04C76E21D6B2}.Ad-Hoc|iPhoneSimulator.Build.0 = Ad-Hoc|iPhoneSimulator
		{855E5743-8DEF-43F2-BD4E-04C76E21D6B2}.Ad-Hoc|x64.ActiveCfg = Ad-Hoc|iPhone
		{855E5743-8DEF-43F2-BD4E-04C76E21D6B2}.Ad-Hoc|x86.ActiveCfg = Ad-Hoc|iPhone
		{855E5743-8DEF-43F2-BD4E-04C76E21D6B2}.AppStore|Any CPU.ActiveCfg = AppStore|iPhone
		{855E5743-8DEF-43F2-BD4E-04C76E21D6B2}.AppStore|iPhone.ActiveCfg = AppStore|iPhone
		{855E5743-8DEF-43F2-BD4E-04C76E21D6B2}.AppStore|iPhone.Build.0 = AppStore|iPhone
		{855E5743-8DEF-43F2-BD4E-04C76E21D6B2}.AppStore|iPhoneSimulator.ActiveCfg = AppStore|iPhoneSimulator
		{855E5743-8DEF-43F2-BD4E-04C76E21D6B2}.AppStore|iPhoneSimulator.Build.0 = AppStore|iPhoneSimulator
		{855E5743-8DEF-43F2-BD4E-04C76E21D6B2}.AppStore|x64.ActiveCfg = AppStore|iPhone
		{855E5743-8DEF-43F2-BD4E-04C76E21D6B2}.AppStore|x86.ActiveCfg = AppStore|iPhone
		{855E5743-8DEF-43F2-BD4E-04C76E21D6B2}.Debug|Any CPU.ActiveCfg = Debug|iPhone
		{855E5743-8DEF-43F2-BD4E-04C76E21D6B2}.Debug|iPhone.ActiveCfg = Debug|iPhone
		{855E5743-8DEF-43F2-BD4E-04C76E21D6B2}.Debug|iPhone.Build.0 = Debug|iPhone
		{855E5743-8DEF-43F2-BD4E-04C76E21D6B2}.Debug|iPhoneSimulator.ActiveCfg = Debug|iPhoneSimulator
		{855E5743-8DEF-43F2-BD4E-04C76E21D6B2}.Debug|iPhoneSimulator.Build.0 = Debug|iPhoneSimulator
		{855E5743-8DEF-43F2-BD4E-04C76E21D6B2}.Debug|x64.ActiveCfg = Debug|iPhone
		{855E5743-8DEF-43F2-BD4E-04C76E21D6B2}.Debug|x86.ActiveCfg = Debug|iPhone
		{855E5743-8DEF-43F2-BD4E-04C76E21D6B2}.Release|Any CPU.ActiveCfg = Release|iPhone
		{855E5743-8DEF-43F2-BD4E-04C76E21D6B2}.Release|iPhone.ActiveCfg = Release|iPhone
		{855E5743-8DEF-43F2-BD4E-04C76E21D6B2}.Release|iPhone.Build.0 = Release|iPhone
		{855E5743-8DEF-43F2-BD4E-04C76E21D6B2}.Release|iPhoneSimulator.ActiveCfg = Release|iPhoneSimulator
		{855E5743-8DEF-43F2-BD4E-04C76E21D6B2}.Release|iPhoneSimulator.Build.0 = Release|iPhoneSimulator
		{855E5743-8DEF-43F2-BD4E-04C76E21D6B2}.Release|x64.ActiveCfg = Release|iPhone
		{855E5743-8DEF-43F2-BD4E-04C76E21D6B2}.Release|x86.ActiveCfg = Release|iPhone
		{BD613A22-FB15-4358-BA5C-4AB4DC4E2336}.Ad-Hoc|Any CPU.ActiveCfg = Debug|Any CPU
		{BD613A22-FB15-4358-BA5C-4AB4DC4E2336}.Ad-Hoc|Any CPU.Build.0 = Debug|Any CPU
		{BD613A22-FB15-4358-BA5C-4AB4DC4E2336}.Ad-Hoc|iPhone.ActiveCfg = Debug|Any CPU
		{BD613A22-FB15-4358-BA5C-4AB4DC4E2336}.Ad-Hoc|iPhone.Build.0 = Debug|Any CPU
		{BD613A22-FB15-4358-BA5C-4AB4DC4E2336}.Ad-Hoc|iPhoneSimulator.ActiveCfg = Debug|Any CPU
		{BD613A22-FB15-4358-BA5C-4AB4DC4E2336}.Ad-Hoc|iPhoneSimulator.Build.0 = Debug|Any CPU
		{BD613A22-FB15-4358-BA5C-4AB4DC4E2336}.Ad-Hoc|x64.ActiveCfg = Debug|Any CPU
		{BD613A22-FB15-4358-BA5C-4AB4DC4E2336}.Ad-Hoc|x64.Build.0 = Debug|Any CPU
		{BD613A22-FB15-4358-BA5C-4AB4DC4E2336}.Ad-Hoc|x86.ActiveCfg = Debug|Any CPU
		{BD613A22-FB15-4358-BA5C-4AB4DC4E2336}.Ad-Hoc|x86.Build.0 = Debug|Any CPU
		{BD613A22-FB15-4358-BA5C-4AB4DC4E2336}.AppStore|Any CPU.ActiveCfg = Debug|Any CPU
		{BD613A22-FB15-4358-BA5C-4AB4DC4E2336}.AppStore|Any CPU.Build.0 = Debug|Any CPU
		{BD613A22-FB15-4358-BA5C-4AB4DC4E2336}.AppStore|iPhone.ActiveCfg = Debug|Any CPU
		{BD613A22-FB15-4358-BA5C-4AB4DC4E2336}.AppStore|iPhone.Build.0 = Debug|Any CPU
		{BD613A22-FB15-4358-BA5C-4AB4DC4E2336}.AppStore|iPhoneSimulator.ActiveCfg = Debug|Any CPU
		{BD613A22-FB15-4358-BA5C-4AB4DC4E2336}.AppStore|iPhoneSimulator.Build.0 = Debug|Any CPU
		{BD613A22-FB15-4358-BA5C-4AB4DC4E2336}.AppStore|x64.ActiveCfg = Debug|Any CPU
		{BD613A22-FB15-4358-BA5C-4AB4DC4E2336}.AppStore|x64.Build.0 = Debug|Any CPU
		{BD613A22-FB15-4358-BA5C-4AB4DC4E2336}.AppStore|x86.ActiveCfg = Debug|Any CPU
		{BD613A22-FB15-4358-BA5C-4AB4DC4E2336}.AppStore|x86.Build.0 = Debug|Any CPU
		{BD613A22-FB15-4358-BA5C-4AB4DC4E2336}.Debug|Any CPU.ActiveCfg = Debug|Any CPU
		{BD613A22-FB15-4358-BA5C-4AB4DC4E2336}.Debug|Any CPU.Build.0 = Debug|Any CPU
		{BD613A22-FB15-4358-BA5C-4AB4DC4E2336}.Debug|iPhone.ActiveCfg = Debug|Any CPU
		{BD613A22-FB15-4358-BA5C-4AB4DC4E2336}.Debug|iPhone.Build.0 = Debug|Any CPU
		{BD613A22-FB15-4358-BA5C-4AB4DC4E2336}.Debug|iPhoneSimulator.ActiveCfg = Debug|Any CPU
		{BD613A22-FB15-4358-BA5C-4AB4DC4E2336}.Debug|iPhoneSimulator.Build.0 = Debug|Any CPU
		{BD613A22-FB15-4358-BA5C-4AB4DC4E2336}.Debug|x64.ActiveCfg = Debug|Any CPU
		{BD613A22-FB15-4358-BA5C-4AB4DC4E2336}.Debug|x64.Build.0 = Debug|Any CPU
		{BD613A22-FB15-4358-BA5C-4AB4DC4E2336}.Debug|x86.ActiveCfg = Debug|Any CPU
		{BD613A22-FB15-4358-BA5C-4AB4DC4E2336}.Debug|x86.Build.0 = Debug|Any CPU
		{BD613A22-FB15-4358-BA5C-4AB4DC4E2336}.Release|Any CPU.ActiveCfg = Release|Any CPU
		{BD613A22-FB15-4358-BA5C-4AB4DC4E2336}.Release|Any CPU.Build.0 = Release|Any CPU
		{BD613A22-FB15-4358-BA5C-4AB4DC4E2336}.Release|iPhone.ActiveCfg = Release|Any CPU
		{BD613A22-FB15-4358-BA5C-4AB4DC4E2336}.Release|iPhone.Build.0 = Release|Any CPU
		{BD613A22-FB15-4358-BA5C-4AB4DC4E2336}.Release|iPhoneSimulator.ActiveCfg = Release|Any CPU
		{BD613A22-FB15-4358-BA5C-4AB4DC4E2336}.Release|iPhoneSimulator.Build.0 = Release|Any CPU
		{BD613A22-FB15-4358-BA5C-4AB4DC4E2336}.Release|x64.ActiveCfg = Release|Any CPU
		{BD613A22-FB15-4358-BA5C-4AB4DC4E2336}.Release|x64.Build.0 = Release|Any CPU
		{BD613A22-FB15-4358-BA5C-4AB4DC4E2336}.Release|x86.ActiveCfg = Release|Any CPU
		{BD613A22-FB15-4358-BA5C-4AB4DC4E2336}.Release|x86.Build.0 = Release|Any CPU
	EndGlobalSection
	GlobalSection(SolutionProperties) = preSolution
		HideSolutionNode = FALSE
	EndGlobalSection
	GlobalSection(NestedProjects) = preSolution
		{5020A8E9-95DC-4ABB-B8ED-5188DD147D91} = {64519535-DAC2-4404-B054-EB2090BE5DD9}
		{AF2BD0ED-DB6A-418E-AB88-8A9FCF7A0890} = {64519535-DAC2-4404-B054-EB2090BE5DD9}
		{39613A2D-88E6-452E-9396-11EE410BAB78} = {D771807F-BBB1-48E3-A9B2-7A7EC9045192}
		{C07EF74C-8B47-4D28-B9F2-2492644DDBB6} = {2E9A0D3C-A3E3-4C1F-9567-84F1D41A83F7}
		{DB40BC87-16E3-4649-BAD8-CF8AAFEB1D41} = {2E9A0D3C-A3E3-4C1F-9567-84F1D41A83F7}
		{855E5743-8DEF-43F2-BD4E-04C76E21D6B2} = {2E9A0D3C-A3E3-4C1F-9567-84F1D41A83F7}
		{BD613A22-FB15-4358-BA5C-4AB4DC4E2336} = {D771807F-BBB1-48E3-A9B2-7A7EC9045192}
	EndGlobalSection
	GlobalSection(ExtensibilityGlobals) = postSolution
		SolutionGuid = {49BF2623-E92E-4D4A-9954-6844AE36DE07}
	EndGlobalSection
EndGlobal
